
Microsoft Visual Studio Solution File, Format Version 12.00
Project("{FAE04EC0-301F-11D3-BF4B-00C04F79EFBC}") = "Marketplace", "Marketplace\Marketplace.csproj", "{8E6E0667-01F8-4A5F-9196-E7610751DDF9}"
EndProject
Project("{FAE04EC0-301F-11D3-BF4B-00C04F79EFBC}") = "Marketplace.Domain", "Marketplace.Domain\Marketplace.Domain.csproj", "{20B49551-04B7-4D25-A3D7-A9057795A9A5}"
EndProject
Global
	GlobalSection(SolutionConfigurationPlatforms) = preSolution
		Debug|Any CPU = Debug|Any CPU
		Release|Any CPU = Release|Any CPU
	EndGlobalSection
	GlobalSection(ProjectConfigurationPlatforms) = postSolution
		{8E6E0667-01F8-4A5F-9196-E7610751DDF9}.Debug|Any CPU.ActiveCfg = Debug|Any CPU
		{8E6E0667-01F8-4A5F-9196-E7610751DDF9}.Debug|Any CPU.Build.0 = Debug|Any CPU
		{8E6E0667-01F8-4A5F-9196-E7610751DDF9}.Release|Any CPU.ActiveCfg = Release|Any CPU
		{8E6E0667-01F8-4A5F-9196-E7610751DDF9}.Release|Any CPU.Build.0 = Release|Any CPU
		{20B49551-04B7-4D25-A3D7-A9057795A9A5}.Debug|Any CPU.ActiveCfg = Debug|Any CPU
		{20B49551-04B7-4D25-A3D7-A9057795A9A5}.Debug|Any CPU.Build.0 = Debug|Any CPU
		{20B49551-04B7-4D25-A3D7-A9057795A9A5}.Release|Any CPU.ActiveCfg = Release|Any CPU
		{20B49551-04B7-4D25-A3D7-A9057795A9A5}.Release|Any CPU.Build.0 = Release|Any CPU
	EndGlobalSection
EndGlobal
